
Microsoft Visual Studio Solution File, Format Version 12.00
Project("{FAE04EC0-301F-11D3-BF4B-00C04F79EFBC}") = "Buildline.Platform", "Buildline\Platform\Buildline.Platform.csproj", "{526612DC-FF84-4452-9C87-824E39793D1C}"
EndProject
Global
	GlobalSection(SolutionConfigurationPlatforms) = preSolution
		Debug|Any CPU = Debug|Any CPU
		Release|Any CPU = Release|Any CPU
	EndGlobalSection
	GlobalSection(ProjectConfigurationPlatforms) = postSolution
		{526612DC-FF84-4452-9C87-824E39793D1C}.Debug|Any CPU.ActiveCfg = Debug|Any CPU
		{526612DC-FF84-4452-9C87-824E39793D1C}.Debug|Any CPU.Build.0 = Debug|Any CPU
		{526612DC-FF84-4452-9C87-824E39793D1C}.Release|Any CPU.ActiveCfg = Release|Any CPU
		{526612DC-FF84-4452-9C87-824E39793D1C}.Release|Any CPU.Build.0 = Release|Any CPU
	EndGlobalSection
EndGlobal

